
Microsoft Visual Studio Solution File, Format Version 12.00
# Visual Studio Version 16
VisualStudioVersion = 16.0.31321.278
MinimumVisualStudioVersion = 10.0.40219.1
Project("{9A19103F-16F7-4668-BE54-9A1E7A4F7556}") = "BookApi", "BookApi.csproj", "{68B90C15-5A2B-45D3-AC4A-75500975F30F}"
EndProject
Project("{FAE04EC0-301F-11D3-BF4B-00C04F79EFBC}") = "BookApi_Tests", "..\BookApi_Tests\BookApi_Tests.csproj", "{01BD9849-484C-46B1-9B47-1233DB5FF145}"
EndProject
Global
	GlobalSection(SolutionConfigurationPlatforms) = preSolution
		Debug|Any CPU = Debug|Any CPU
		Release|Any CPU = Release|Any CPU
	EndGlobalSection
	GlobalSection(ProjectConfigurationPlatforms) = postSolution
		{68B90C15-5A2B-45D3-AC4A-75500975F30F}.Debug|Any CPU.ActiveCfg = Debug|Any CPU
		{68B90C15-5A2B-45D3-AC4A-75500975F30F}.Debug|Any CPU.Build.0 = Debug|Any CPU
		{68B90C15-5A2B-45D3-AC4A-75500975F30F}.Release|Any CPU.ActiveCfg = Release|Any CPU
		{68B90C15-5A2B-45D3-AC4A-75500975F30F}.Release|Any CPU.Build.0 = Release|Any CPU
		{01BD9849-484C-46B1-9B47-1233DB5FF145}.Debug|Any CPU.ActiveCfg = Debug|Any CPU
		{01BD9849-484C-46B1-9B47-1233DB5FF145}.Debug|Any CPU.Build.0 = Debug|Any CPU
		{01BD9849-484C-46B1-9B47-1233DB5FF145}.Release|Any CPU.ActiveCfg = Release|Any CPU
		{01BD9849-484C-46B1-9B47-1233DB5FF145}.Release|Any CPU.Build.0 = Release|Any CPU
	EndGlobalSection
	GlobalSection(SolutionProperties) = preSolution
		HideSolutionNode = FALSE
	EndGlobalSection
	GlobalSection(ExtensibilityGlobals) = postSolution
		SolutionGuid = {571AFDC3-9D78-442E-9914-B27DF02D9AF7}
	EndGlobalSection
EndGlobal
